// !$*UTF8*$!
{
	archiveVersion = 1;
	classes = {
	};
	objectVersion = 52;
	objects = {

/* Begin PBXBuildFile section */
		0552DAD28D3BAC46A50A403A /* Pods_flix_flixUITests.framework in Frameworks */ = {isa = PBXBuildFile; fileRef = 607061B67CFC8E0843504748 /* Pods_flix_flixUITests.framework */; };
		0FCA433EF18F45A80A5EE4DD /* Pods_flix.framework in Frameworks */ = {isa = PBXBuildFile; fileRef = 9D1DDB6DE6F10233644E5F7E /* Pods_flix.framework */; };
		5A186C23B940239A3272E4BB /* Pods_flixTests.framework in Frameworks */ = {isa = PBXBuildFile; fileRef = 6AA2BCE8173AD17E219ACC95 /* Pods_flixTests.framework */; };
		C404EE9026F15CA80045F033 /* MovieDetailViewController.swift in Sources */ = {isa = PBXBuildFile; fileRef = C404EE8F26F15CA80045F033 /* MovieDetailViewController.swift */; };
		C4CFB77A26FAD2B900B6DB75 /* MovieGridViewController.swift in Sources */ = {isa = PBXBuildFile; fileRef = C4CFB77926FAD2B800B6DB75 /* MovieGridViewController.swift */; };
		C4CFB77E26FADB1800B6DB75 /* MovieGridCell.swift in Sources */ = {isa = PBXBuildFile; fileRef = C4CFB77D26FADB1800B6DB75 /* MovieGridCell.swift */; };
		C4E9820626E4FA28004A17C1 /* AppDelegate.swift in Sources */ = {isa = PBXBuildFile; fileRef = C4E9820526E4FA28004A17C1 /* AppDelegate.swift */; };
		C4E9820826E4FA28004A17C1 /* SceneDelegate.swift in Sources */ = {isa = PBXBuildFile; fileRef = C4E9820726E4FA28004A17C1 /* SceneDelegate.swift */; };
		C4E9820D26E4FA28004A17C1 /* Main.storyboard in Resources */ = {isa = PBXBuildFile; fileRef = C4E9820B26E4FA28004A17C1 /* Main.storyboard */; };
		C4E9820F26E4FA2C004A17C1 /* Assets.xcassets in Resources */ = {isa = PBXBuildFile; fileRef = C4E9820E26E4FA2C004A17C1 /* Assets.xcassets */; };
		C4E9821226E4FA2C004A17C1 /* LaunchScreen.storyboard in Resources */ = {isa = PBXBuildFile; fileRef = C4E9821026E4FA2C004A17C1 /* LaunchScreen.storyboard */; };
		C4E9821D26E4FA2C004A17C1 /* flixTests.swift in Sources */ = {isa = PBXBuildFile; fileRef = C4E9821C26E4FA2C004A17C1 /* flixTests.swift */; };
		C4E9822826E4FA2D004A17C1 /* flixUITests.swift in Sources */ = {isa = PBXBuildFile; fileRef = C4E9822726E4FA2D004A17C1 /* flixUITests.swift */; };
		C4E9823626E4FF15004A17C1 /* MoviesViewController.swift in Sources */ = {isa = PBXBuildFile; fileRef = C4E9823526E4FF15004A17C1 /* MoviesViewController.swift */; };
		C4E9823A26E51F0D004A17C1 /* MovieCell.swift in Sources */ = {isa = PBXBuildFile; fileRef = C4E9823926E51F0D004A17C1 /* MovieCell.swift */; };
		C4E9823D26E55759004A17C1 /* AlamofireImage in Frameworks */ = {isa = PBXBuildFile; productRef = C4E9823C26E55759004A17C1 /* AlamofireImage */; };
/* End PBXBuildFile section */

/* Begin PBXContainerItemProxy section */
		C4E9821926E4FA2C004A17C1 /* PBXContainerItemProxy */ = {
			isa = PBXContainerItemProxy;
			containerPortal = C4E981FA26E4FA28004A17C1 /* Project object */;
			proxyType = 1;
			remoteGlobalIDString = C4E9820126E4FA28004A17C1;
			remoteInfo = flix;
		};
		C4E9822426E4FA2D004A17C1 /* PBXContainerItemProxy */ = {
			isa = PBXContainerItemProxy;
			containerPortal = C4E981FA26E4FA28004A17C1 /* Project object */;
			proxyType = 1;
			remoteGlobalIDString = C4E9820126E4FA28004A17C1;
			remoteInfo = flix;
		};
/* End PBXContainerItemProxy section */

/* Begin PBXFileReference section */
		11228268B54594002D4C3CF6 /* Pods-flixTests.debug.xcconfig */ = {isa = PBXFileReference; includeInIndex = 1; lastKnownFileType = text.xcconfig; name = "Pods-flixTests.debug.xcconfig"; path = "Target Support Files/Pods-flixTests/Pods-flixTests.debug.xcconfig"; sourceTree = "<group>"; };
		2BBC8B1D298141054F75ACE4 /* Pods-flix-flixUITests.debug.xcconfig */ = {isa = PBXFileReference; includeInIndex = 1; lastKnownFileType = text.xcconfig; name = "Pods-flix-flixUITests.debug.xcconfig"; path = "Target Support Files/Pods-flix-flixUITests/Pods-flix-flixUITests.debug.xcconfig"; sourceTree = "<group>"; };
		4864F472CD614C2A77192BA0 /* Pods-flixTests.release.xcconfig */ = {isa = PBXFileReference; includeInIndex = 1; lastKnownFileType = text.xcconfig; name = "Pods-flixTests.release.xcconfig"; path = "Target Support Files/Pods-flixTests/Pods-flixTests.release.xcconfig"; sourceTree = "<group>"; };
		4AF76543B245095E03905213 /* Pods-flix.debug.xcconfig */ = {isa = PBXFileReference; includeInIndex = 1; lastKnownFileType = text.xcconfig; name = "Pods-flix.debug.xcconfig"; path = "Target Support Files/Pods-flix/Pods-flix.debug.xcconfig"; sourceTree = "<group>"; };
		5EBD5961CFBD29800D860352 /* Pods-flix.release.xcconfig */ = {isa = PBXFileReference; includeInIndex = 1; lastKnownFileType = text.xcconfig; name = "Pods-flix.release.xcconfig"; path = "Target Support Files/Pods-flix/Pods-flix.release.xcconfig"; sourceTree = "<group>"; };
		607061B67CFC8E0843504748 /* Pods_flix_flixUITests.framework */ = {isa = PBXFileReference; explicitFileType = wrapper.framework; includeInIndex = 0; path = Pods_flix_flixUITests.framework; sourceTree = BUILT_PRODUCTS_DIR; };
		6AA2BCE8173AD17E219ACC95 /* Pods_flixTests.framework */ = {isa = PBXFileReference; explicitFileType = wrapper.framework; includeInIndex = 0; path = Pods_flixTests.framework; sourceTree = BUILT_PRODUCTS_DIR; };
		983C58B08968588399EFAAAA /* Pods-flix-flixUITests.release.xcconfig */ = {isa = PBXFileReference; includeInIndex = 1; lastKnownFileType = text.xcconfig; name = "Pods-flix-flixUITests.release.xcconfig"; path = "Target Support Files/Pods-flix-flixUITests/Pods-flix-flixUITests.release.xcconfig"; sourceTree = "<group>"; };
		9D1DDB6DE6F10233644E5F7E /* Pods_flix.framework */ = {isa = PBXFileReference; explicitFileType = wrapper.framework; includeInIndex = 0; path = Pods_flix.framework; sourceTree = BUILT_PRODUCTS_DIR; };
		C404EE8F26F15CA80045F033 /* MovieDetailViewController.swift */ = {isa = PBXFileReference; lastKnownFileType = sourcecode.swift; path = MovieDetailViewController.swift; sourceTree = "<group>"; };
		C4CFB77926FAD2B800B6DB75 /* MovieGridViewController.swift */ = {isa = PBXFileReference; lastKnownFileType = sourcecode.swift; path = MovieGridViewController.swift; sourceTree = "<group>"; };
		C4CFB77D26FADB1800B6DB75 /* MovieGridCell.swift */ = {isa = PBXFileReference; lastKnownFileType = sourcecode.swift; path = MovieGridCell.swift; sourceTree = "<group>"; };
		C4E9820226E4FA28004A17C1 /* flix.app */ = {isa = PBXFileReference; explicitFileType = wrapper.application; includeInIndex = 0; path = flix.app; sourceTree = BUILT_PRODUCTS_DIR; };
		C4E9820526E4FA28004A17C1 /* AppDelegate.swift */ = {isa = PBXFileReference; lastKnownFileType = sourcecode.swift; path = AppDelegate.swift; sourceTree = "<group>"; };
		C4E9820726E4FA28004A17C1 /* SceneDelegate.swift */ = {isa = PBXFileReference; lastKnownFileType = sourcecode.swift; path = SceneDelegate.swift; sourceTree = "<group>"; };
		C4E9820C26E4FA28004A17C1 /* Base */ = {isa = PBXFileReference; lastKnownFileType = file.storyboard; name = Base; path = Base.lproj/Main.storyboard; sourceTree = "<group>"; };
		C4E9820E26E4FA2C004A17C1 /* Assets.xcassets */ = {isa = PBXFileReference; lastKnownFileType = folder.assetcatalog; path = Assets.xcassets; sourceTree = "<group>"; };
		C4E9821126E4FA2C004A17C1 /* Base */ = {isa = PBXFileReference; lastKnownFileType = file.storyboard; name = Base; path = Base.lproj/LaunchScreen.storyboard; sourceTree = "<group>"; };
		C4E9821326E4FA2C004A17C1 /* Info.plist */ = {isa = PBXFileReference; lastKnownFileType = text.plist.xml; path = Info.plist; sourceTree = "<group>"; };
		C4E9821826E4FA2C004A17C1 /* flixTests.xctest */ = {isa = PBXFileReference; explicitFileType = wrapper.cfbundle; includeInIndex = 0; path = flixTests.xctest; sourceTree = BUILT_PRODUCTS_DIR; };
		C4E9821C26E4FA2C004A17C1 /* flixTests.swift */ = {isa = PBXFileReference; lastKnownFileType = sourcecode.swift; path = flixTests.swift; sourceTree = "<group>"; };
		C4E9821E26E4FA2C004A17C1 /* Info.plist */ = {isa = PBXFileReference; lastKnownFileType = text.plist.xml; path = Info.plist; sourceTree = "<group>"; };
		C4E9822326E4FA2D004A17C1 /* flixUITests.xctest */ = {isa = PBXFileReference; explicitFileType = wrapper.cfbundle; includeInIndex = 0; path = flixUITests.xctest; sourceTree = BUILT_PRODUCTS_DIR; };
		C4E9822726E4FA2D004A17C1 /* flixUITests.swift */ = {isa = PBXFileReference; lastKnownFileType = sourcecode.swift; path = flixUITests.swift; sourceTree = "<group>"; };
		C4E9822926E4FA2D004A17C1 /* Info.plist */ = {isa = PBXFileReference; lastKnownFileType = text.plist.xml; path = Info.plist; sourceTree = "<group>"; };
		C4E9823526E4FF15004A17C1 /* MoviesViewController.swift */ = {isa = PBXFileReference; lastKnownFileType = sourcecode.swift; path = MoviesViewController.swift; sourceTree = "<group>"; };
		C4E9823926E51F0D004A17C1 /* MovieCell.swift */ = {isa = PBXFileReference; lastKnownFileType = sourcecode.swift; path = MovieCell.swift; sourceTree = "<group>"; };
/* End PBXFileReference section */

/* Begin PBXFrameworksBuildPhase section */
		C4E981FF26E4FA28004A17C1 /* Frameworks */ = {
			isa = PBXFrameworksBuildPhase;
			buildActionMask = 2147483647;
			files = (
				C4E9823D26E55759004A17C1 /* AlamofireImage in Frameworks */,
				0FCA433EF18F45A80A5EE4DD /* Pods_flix.framework in Frameworks */,
			);
			runOnlyForDeploymentPostprocessing = 0;
		};
		C4E9821526E4FA2C004A17C1 /* Frameworks */ = {
			isa = PBXFrameworksBuildPhase;
			buildActionMask = 2147483647;
			files = (
				5A186C23B940239A3272E4BB /* Pods_flixTests.framework in Frameworks */,
			);
			runOnlyForDeploymentPostprocessing = 0;
		};
		C4E9822026E4FA2D004A17C1 /* Frameworks */ = {
			isa = PBXFrameworksBuildPhase;
			buildActionMask = 2147483647;
			files = (
				0552DAD28D3BAC46A50A403A /* Pods_flix_flixUITests.framework in Frameworks */,
			);
			runOnlyForDeploymentPostprocessing = 0;
		};
/* End PBXFrameworksBuildPhase section */

/* Begin PBXGroup section */
		03E1B368A766F99DE92126E8 /* Frameworks */ = {
			isa = PBXGroup;
			children = (
				9D1DDB6DE6F10233644E5F7E /* Pods_flix.framework */,
				607061B67CFC8E0843504748 /* Pods_flix_flixUITests.framework */,
				6AA2BCE8173AD17E219ACC95 /* Pods_flixTests.framework */,
			);
			name = Frameworks;
			sourceTree = "<group>";
		};
		7F8ECA28DA2FAC7E9EC31AEC /* Pods */ = {
			isa = PBXGroup;
			children = (
				4AF76543B245095E03905213 /* Pods-flix.debug.xcconfig */,
				5EBD5961CFBD29800D860352 /* Pods-flix.release.xcconfig */,
				2BBC8B1D298141054F75ACE4 /* Pods-flix-flixUITests.debug.xcconfig */,
				983C58B08968588399EFAAAA /* Pods-flix-flixUITests.release.xcconfig */,
				11228268B54594002D4C3CF6 /* Pods-flixTests.debug.xcconfig */,
				4864F472CD614C2A77192BA0 /* Pods-flixTests.release.xcconfig */,
			);
			path = Pods;
			sourceTree = "<group>";
		};
		C4E981F926E4FA28004A17C1 = {
			isa = PBXGroup;
			children = (
				C4E9820426E4FA28004A17C1 /* flix */,
				C4E9821B26E4FA2C004A17C1 /* flixTests */,
				C4E9822626E4FA2D004A17C1 /* flixUITests */,
				C4E9820326E4FA28004A17C1 /* Products */,
				7F8ECA28DA2FAC7E9EC31AEC /* Pods */,
				03E1B368A766F99DE92126E8 /* Frameworks */,
			);
			sourceTree = "<group>";
		};
		C4E9820326E4FA28004A17C1 /* Products */ = {
			isa = PBXGroup;
			children = (
				C4E9820226E4FA28004A17C1 /* flix.app */,
				C4E9821826E4FA2C004A17C1 /* flixTests.xctest */,
				C4E9822326E4FA2D004A17C1 /* flixUITests.xctest */,
			);
			name = Products;
			sourceTree = "<group>";
		};
		C4E9820426E4FA28004A17C1 /* flix */ = {
			isa = PBXGroup;
			children = (
				C4E9820526E4FA28004A17C1 /* AppDelegate.swift */,
				C4E9820726E4FA28004A17C1 /* SceneDelegate.swift */,
				C4E9820B26E4FA28004A17C1 /* Main.storyboard */,
				C4E9823926E51F0D004A17C1 /* MovieCell.swift */,
				C4E9820E26E4FA2C004A17C1 /* Assets.xcassets */,
				C4E9821026E4FA2C004A17C1 /* LaunchScreen.storyboard */,
				C4E9821326E4FA2C004A17C1 /* Info.plist */,
				C4E9823526E4FF15004A17C1 /* MoviesViewController.swift */,
				C404EE8F26F15CA80045F033 /* MovieDetailViewController.swift */,
				C4CFB77926FAD2B800B6DB75 /* MovieGridViewController.swift */,
				C4CFB77D26FADB1800B6DB75 /* MovieGridCell.swift */,
			);
			path = flix;
			sourceTree = "<group>";
		};
		C4E9821B26E4FA2C004A17C1 /* flixTests */ = {
			isa = PBXGroup;
			children = (
				C4E9821C26E4FA2C004A17C1 /* flixTests.swift */,
				C4E9821E26E4FA2C004A17C1 /* Info.plist */,
			);
			path = flixTests;
			sourceTree = "<group>";
		};
		C4E9822626E4FA2D004A17C1 /* flixUITests */ = {
			isa = PBXGroup;
			children = (
				C4E9822726E4FA2D004A17C1 /* flixUITests.swift */,
				C4E9822926E4FA2D004A17C1 /* Info.plist */,
			);
			path = flixUITests;
			sourceTree = "<group>";
		};
/* End PBXGroup section */

/* Begin PBXNativeTarget section */
		C4E9820126E4FA28004A17C1 /* flix */ = {
			isa = PBXNativeTarget;
			buildConfigurationList = C4E9822C26E4FA2D004A17C1 /* Build configuration list for PBXNativeTarget "flix" */;
			buildPhases = (
				6FF0954689605050663D0E21 /* [CP] Check Pods Manifest.lock */,
				C4E981FE26E4FA28004A17C1 /* Sources */,
				C4E981FF26E4FA28004A17C1 /* Frameworks */,
				C4E9820026E4FA28004A17C1 /* Resources */,
				42732AC6CB51498C24BFD3BE /* [CP] Embed Pods Frameworks */,
			);
			buildRules = (
			);
			dependencies = (
			);
			name = flix;
			packageProductDependencies = (
				C4E9823C26E55759004A17C1 /* AlamofireImage */,
			);
			productName = flix;
			productReference = C4E9820226E4FA28004A17C1 /* flix.app */;
			productType = "com.apple.product-type.application";
		};
		C4E9821726E4FA2C004A17C1 /* flixTests */ = {
			isa = PBXNativeTarget;
			buildConfigurationList = C4E9822F26E4FA2D004A17C1 /* Build configuration list for PBXNativeTarget "flixTests" */;
			buildPhases = (
				5026B34AB939EDE55A857950 /* [CP] Check Pods Manifest.lock */,
				C4E9821426E4FA2C004A17C1 /* Sources */,
				C4E9821526E4FA2C004A17C1 /* Frameworks */,
				C4E9821626E4FA2C004A17C1 /* Resources */,
			);
			buildRules = (
			);
			dependencies = (
				C4E9821A26E4FA2C004A17C1 /* PBXTargetDependency */,
			);
			name = flixTests;
			productName = flixTests;
			productReference = C4E9821826E4FA2C004A17C1 /* flixTests.xctest */;
			productType = "com.apple.product-type.bundle.unit-test";
		};
		C4E9822226E4FA2D004A17C1 /* flixUITests */ = {
			isa = PBXNativeTarget;
			buildConfigurationList = C4E9823226E4FA2D004A17C1 /* Build configuration list for PBXNativeTarget "flixUITests" */;
			buildPhases = (
				AD9752967C7921902FF13737 /* [CP] Check Pods Manifest.lock */,
				C4E9821F26E4FA2D004A17C1 /* Sources */,
				C4E9822026E4FA2D004A17C1 /* Frameworks */,
				C4E9822126E4FA2D004A17C1 /* Resources */,
				F3FA6E125DE6561213DC94B7 /* [CP] Embed Pods Frameworks */,
			);
			buildRules = (
			);
			dependencies = (
				C4E9822526E4FA2D004A17C1 /* PBXTargetDependency */,
			);
			name = flixUITests;
			productName = flixUITests;
			productReference = C4E9822326E4FA2D004A17C1 /* flixUITests.xctest */;
			productType = "com.apple.product-type.bundle.ui-testing";
		};
/* End PBXNativeTarget section */

/* Begin PBXProject section */
		C4E981FA26E4FA28004A17C1 /* Project object */ = {
			isa = PBXProject;
			attributes = {
				LastSwiftUpdateCheck = 1250;
				LastUpgradeCheck = 1250;
				TargetAttributes = {
					C4E9820126E4FA28004A17C1 = {
						CreatedOnToolsVersion = 12.5.1;
					};
					C4E9821726E4FA2C004A17C1 = {
						CreatedOnToolsVersion = 12.5.1;
						TestTargetID = C4E9820126E4FA28004A17C1;
					};
					C4E9822226E4FA2D004A17C1 = {
						CreatedOnToolsVersion = 12.5.1;
						TestTargetID = C4E9820126E4FA28004A17C1;
					};
				};
			};
			buildConfigurationList = C4E981FD26E4FA28004A17C1 /* Build configuration list for PBXProject "flix" */;
			compatibilityVersion = "Xcode 9.3";
			developmentRegion = en;
			hasScannedForEncodings = 0;
			knownRegions = (
				en,
				Base,
			);
			mainGroup = C4E981F926E4FA28004A17C1;
			packageReferences = (
				C4E9823B26E55759004A17C1 /* XCRemoteSwiftPackageReference "AlamofireImage" */,
			);
			productRefGroup = C4E9820326E4FA28004A17C1 /* Products */;
			projectDirPath = "";
			projectRoot = "";
			targets = (
				C4E9820126E4FA28004A17C1 /* flix */,
				C4E9821726E4FA2C004A17C1 /* flixTests */,
				C4E9822226E4FA2D004A17C1 /* flixUITests */,
			);
		};
/* End PBXProject section */

/* Begin PBXResourcesBuildPhase section */
		C4E9820026E4FA28004A17C1 /* Resources */ = {
			isa = PBXResourcesBuildPhase;
			buildActionMask = 2147483647;
			files = (
				C4E9821226E4FA2C004A17C1 /* LaunchScreen.storyboard in Resources */,
				C4E9820F26E4FA2C004A17C1 /* Assets.xcassets in Resources */,
				C4E9820D26E4FA28004A17C1 /* Main.storyboard in Resources */,
			);
			runOnlyForDeploymentPostprocessing = 0;
		};
		C4E9821626E4FA2C004A17C1 /* Resources */ = {
			isa = PBXResourcesBuildPhase;
			buildActionMask = 2147483647;
			files = (
			);
			runOnlyForDeploymentPostprocessing = 0;
		};
		C4E9822126E4FA2D004A17C1 /* Resources */ = {
			isa = PBXResourcesBuildPhase;
			buildActionMask = 2147483647;
			files = (
			);
			runOnlyForDeploymentPostprocessing = 0;
		};
/* End PBXResourcesBuildPhase section */

/* Begin PBXShellScriptBuildPhase section */
		42732AC6CB51498C24BFD3BE /* [CP] Embed Pods Frameworks */ = {
			isa = PBXShellScriptBuildPhase;
			buildActionMask = 2147483647;
			files = (
			);
			inputFileListPaths = (
				"${PODS_ROOT}/Target Support Files/Pods-flix/Pods-flix-frameworks-${CONFIGURATION}-input-files.xcfilelist",
			);
			name = "[CP] Embed Pods Frameworks";
			outputFileListPaths = (
				"${PODS_ROOT}/Target Support Files/Pods-flix/Pods-flix-frameworks-${CONFIGURATION}-output-files.xcfilelist",
			);
			runOnlyForDeploymentPostprocessing = 0;
			shellPath = /bin/sh;
			shellScript = "\"${PODS_ROOT}/Target Support Files/Pods-flix/Pods-flix-frameworks.sh\"\n";
			showEnvVarsInLog = 0;
		};
		5026B34AB939EDE55A857950 /* [CP] Check Pods Manifest.lock */ = {
			isa = PBXShellScriptBuildPhase;
			buildActionMask = 2147483647;
			files = (
			);
			inputFileListPaths = (
			);
			inputPaths = (
				"${PODS_PODFILE_DIR_PATH}/Podfile.lock",
				"${PODS_ROOT}/Manifest.lock",
			);
			name = "[CP] Check Pods Manifest.lock";
			outputFileListPaths = (
			);
			outputPaths = (
				"$(DERIVED_FILE_DIR)/Pods-flixTests-checkManifestLockResult.txt",
			);
			runOnlyForDeploymentPostprocessing = 0;
			shellPath = /bin/sh;
			shellScript = "diff \"${PODS_PODFILE_DIR_PATH}/Podfile.lock\" \"${PODS_ROOT}/Manifest.lock\" > /dev/null\nif [ $? != 0 ] ; then\n    # print error to STDERR\n    echo \"error: The sandbox is not in sync with the Podfile.lock. Run 'pod install' or update your CocoaPods installation.\" >&2\n    exit 1\nfi\n# This output is used by Xcode 'outputs' to avoid re-running this script phase.\necho \"SUCCESS\" > \"${SCRIPT_OUTPUT_FILE_0}\"\n";
			showEnvVarsInLog = 0;
		};
		6FF0954689605050663D0E21 /* [CP] Check Pods Manifest.lock */ = {
			isa = PBXShellScriptBuildPhase;
			buildActionMask = 2147483647;
			files = (
			);
			inputFileListPaths = (
			);
			inputPaths = (
				"${PODS_PODFILE_DIR_PATH}/Podfile.lock",
				"${PODS_ROOT}/Manifest.lock",
			);
			name = "[CP] Check Pods Manifest.lock";
			outputFileListPaths = (
			);
			outputPaths = (
				"$(DERIVED_FILE_DIR)/Pods-flix-checkManifestLockResult.txt",
			);
			runOnlyForDeploymentPostprocessing = 0;
			shellPath = /bin/sh;
			shellScript = "diff \"${PODS_PODFILE_DIR_PATH}/Podfile.lock\" \"${PODS_ROOT}/Manifest.lock\" > /dev/null\nif [ $? != 0 ] ; then\n    # print error to STDERR\n    echo \"error: The sandbox is not in sync with the Podfile.lock. Run 'pod install' or update your CocoaPods installation.\" >&2\n    exit 1\nfi\n# This output is used by Xcode 'outputs' to avoid re-running this script phase.\necho \"SUCCESS\" > \"${SCRIPT_OUTPUT_FILE_0}\"\n";
			showEnvVarsInLog = 0;
		};
		AD9752967C7921902FF13737 /* [CP] Check Pods Manifest.lock */ = {
			isa = PBXShellScriptBuildPhase;
			buildActionMask = 2147483647;
			files = (
			);
			inputFileListPaths = (
			);
			inputPaths = (
				"${PODS_PODFILE_DIR_PATH}/Podfile.lock",
				"${PODS_ROOT}/Manifest.lock",
			);
			name = "[CP] Check Pods Manifest.lock";
			outputFileListPaths = (
			);
			outputPaths = (
				"$(DERIVED_FILE_DIR)/Pods-flix-flixUITests-checkManifestLockResult.txt",
			);
			runOnlyForDeploymentPostprocessing = 0;
			shellPath = /bin/sh;
			shellScript = "diff \"${PODS_PODFILE_DIR_PATH}/Podfile.lock\" \"${PODS_ROOT}/Manifest.lock\" > /dev/null\nif [ $? != 0 ] ; then\n    # print error to STDERR\n    echo \"error: The sandbox is not in sync with the Podfile.lock. Run 'pod install' or update your CocoaPods installation.\" >&2\n    exit 1\nfi\n# This output is used by Xcode 'outputs' to avoid re-running this script phase.\necho \"SUCCESS\" > \"${SCRIPT_OUTPUT_FILE_0}\"\n";
			showEnvVarsInLog = 0;
		};
		F3FA6E125DE6561213DC94B7 /* [CP] Embed Pods Frameworks */ = {
			isa = PBXShellScriptBuildPhase;
			buildActionMask = 2147483647;
			files = (
			);
			inputFileListPaths = (
				"${PODS_ROOT}/Target Support Files/Pods-flix-flixUITests/Pods-flix-flixUITests-frameworks-${CONFIGURATION}-input-files.xcfilelist",
			);
			name = "[CP] Embed Pods Frameworks";
			outputFileListPaths = (
				"${PODS_ROOT}/Target Support Files/Pods-flix-flixUITests/Pods-flix-flixUITests-frameworks-${CONFIGURATION}-output-files.xcfilelist",
			);
			runOnlyForDeploymentPostprocessing = 0;
			shellPath = /bin/sh;
			shellScript = "\"${PODS_ROOT}/Target Support Files/Pods-flix-flixUITests/Pods-flix-flixUITests-frameworks.sh\"\n";
			showEnvVarsInLog = 0;
		};
/* End PBXShellScriptBuildPhase section */

/* Begin PBXSourcesBuildPhase section */
		C4E981FE26E4FA28004A17C1 /* Sources */ = {
			isa = PBXSourcesBuildPhase;
			buildActionMask = 2147483647;
			files = (
				C4E9820626E4FA28004A17C1 /* AppDelegate.swift in Sources */,
				C404EE9026F15CA80045F033 /* MovieDetailViewController.swift in Sources */,
				C4E9820826E4FA28004A17C1 /* SceneDelegate.swift in Sources */,
				C4E9823A26E51F0D004A17C1 /* MovieCell.swift in Sources */,
				C4E9823626E4FF15004A17C1 /* MoviesViewController.swift in Sources */,
				C4CFB77A26FAD2B900B6DB75 /* MovieGridViewController.swift in Sources */,
				C4CFB77E26FADB1800B6DB75 /* MovieGridCell.swift in Sources */,
			);
			runOnlyForDeploymentPostprocessing = 0;
		};
		C4E9821426E4FA2C004A17C1 /* Sources */ = {
			isa = PBXSourcesBuildPhase;
			buildActionMask = 2147483647;
			files = (
				C4E9821D26E4FA2C004A17C1 /* flixTests.swift in Sources */,
			);
			runOnlyForDeploymentPostprocessing = 0;
		};
		C4E9821F26E4FA2D004A17C1 /* Sources */ = {
			isa = PBXSourcesBuildPhase;
			buildActionMask = 2147483647;
			files = (
				C4E9822826E4FA2D004A17C1 /* flixUITests.swift in Sources */,
			);
			runOnlyForDeploymentPostprocessing = 0;
		};
/* End PBXSourcesBuildPhase section */

/* Begin PBXTargetDependency section */
		C4E9821A26E4FA2C004A17C1 /* PBXTargetDependency */ = {
			isa = PBXTargetDependency;
			target = C4E9820126E4FA28004A17C1 /* flix */;
			targetProxy = C4E9821926E4FA2C004A17C1 /* PBXContainerItemProxy */;
		};
		C4E9822526E4FA2D004A17C1 /* PBXTargetDependency */ = {
			isa = PBXTargetDependency;
			target = C4E9820126E4FA28004A17C1 /* flix */;
			targetProxy = C4E9822426E4FA2D004A17C1 /* PBXContainerItemProxy */;
		};
/* End PBXTargetDependency section */

/* Begin PBXVariantGroup section */
		C4E9820B26E4FA28004A17C1 /* Main.storyboard */ = {
			isa = PBXVariantGroup;
			children = (
				C4E9820C26E4FA28004A17C1 /* Base */,
			);
			name = Main.storyboard;
			sourceTree = "<group>";
		};
		C4E9821026E4FA2C004A17C1 /* LaunchScreen.storyboard */ = {
			isa = PBXVariantGroup;
			children = (
				C4E9821126E4FA2C004A17C1 /* Base */,
			);
			name = LaunchScreen.storyboard;
			sourceTree = "<group>";
		};
/* End PBXVariantGroup section */

/* Begin XCBuildConfiguration section */
		C4E9822A26E4FA2D004A17C1 /* Debug */ = {
			isa = XCBuildConfiguration;
			buildSettings = {
				ALWAYS_SEARCH_USER_PATHS = NO;
				CLANG_ANALYZER_NONNULL = YES;
				CLANG_ANALYZER_NUMBER_OBJECT_CONVERSION = YES_AGGRESSIVE;
				CLANG_CXX_LANGUAGE_STANDARD = "gnu++14";
				CLANG_CXX_LIBRARY = "libc++";
				CLANG_ENABLE_MODULES = YES;
				CLANG_ENABLE_OBJC_ARC = YES;
				CLANG_ENABLE_OBJC_WEAK = YES;
				CLANG_WARN_BLOCK_CAPTURE_AUTORELEASING = YES;
				CLANG_WARN_BOOL_CONVERSION = YES;
				CLANG_WARN_COMMA = YES;
				CLANG_WARN_CONSTANT_CONVERSION = YES;
				CLANG_WARN_DEPRECATED_OBJC_IMPLEMENTATIONS = YES;
				CLANG_WARN_DIRECT_OBJC_ISA_USAGE = YES_ERROR;
				CLANG_WARN_DOCUMENTATION_COMMENTS = YES;
				CLANG_WARN_EMPTY_BODY = YES;
				CLANG_WARN_ENUM_CONVERSION = YES;
				CLANG_WARN_INFINITE_RECURSION = YES;
				CLANG_WARN_INT_CONVERSION = YES;
				CLANG_WARN_NON_LITERAL_NULL_CONVERSION = YES;
				CLANG_WARN_OBJC_IMPLICIT_RETAIN_SELF = YES;
				CLANG_WARN_OBJC_LITERAL_CONVERSION = YES;
				CLANG_WARN_OBJC_ROOT_CLASS = YES_ERROR;
				CLANG_WARN_QUOTED_INCLUDE_IN_FRAMEWORK_HEADER = YES;
				CLANG_WARN_RANGE_LOOP_ANALYSIS = YES;
				CLANG_WARN_STRICT_PROTOTYPES = YES;
				CLANG_WARN_SUSPICIOUS_MOVE = YES;
				CLANG_WARN_UNGUARDED_AVAILABILITY = YES_AGGRESSIVE;
				CLANG_WARN_UNREACHABLE_CODE = YES;
				CLANG_WARN__DUPLICATE_METHOD_MATCH = YES;
				COPY_PHASE_STRIP = NO;
				DEBUG_INFORMATION_FORMAT = dwarf;
				ENABLE_STRICT_OBJC_MSGSEND = YES;
				ENABLE_TESTABILITY = YES;
				GCC_C_LANGUAGE_STANDARD = gnu11;
				GCC_DYNAMIC_NO_PIC = NO;
				GCC_NO_COMMON_BLOCKS = YES;
				GCC_OPTIMIZATION_LEVEL = 0;
				GCC_PREPROCESSOR_DEFINITIONS = (
					"DEBUG=1",
					"$(inherited)",
				);
				GCC_WARN_64_TO_32_BIT_CONVERSION = YES;
				GCC_WARN_ABOUT_RETURN_TYPE = YES_ERROR;
				GCC_WARN_UNDECLARED_SELECTOR = YES;
				GCC_WARN_UNINITIALIZED_AUTOS = YES_AGGRESSIVE;
				GCC_WARN_UNUSED_FUNCTION = YES;
				GCC_WARN_UNUSED_VARIABLE = YES;
				IPHONEOS_DEPLOYMENT_TARGET = 14.5;
				MTL_ENABLE_DEBUG_INFO = INCLUDE_SOURCE;
				MTL_FAST_MATH = YES;
				ONLY_ACTIVE_ARCH = YES;
				SDKROOT = iphoneos;
				SWIFT_ACTIVE_COMPILATION_CONDITIONS = DEBUG;
				SWIFT_OPTIMIZATION_LEVEL = "-Onone";
			};
			name = Debug;
		};
		C4E9822B26E4FA2D004A17C1 /* Release */ = {
			isa = XCBuildConfiguration;
			buildSettings = {
				ALWAYS_SEARCH_USER_PATHS = NO;
				CLANG_ANALYZER_NONNULL = YES;
				CLANG_ANALYZER_NUMBER_OBJECT_CONVERSION = YES_AGGRESSIVE;
				CLANG_CXX_LANGUAGE_STANDARD = "gnu++14";
				CLANG_CXX_LIBRARY = "libc++";
				CLANG_ENABLE_MODULES = YES;
				CLANG_ENABLE_OBJC_ARC = YES;
				CLANG_ENABLE_OBJC_WEAK = YES;
				CLANG_WARN_BLOCK_CAPTURE_AUTORELEASING = YES;
				CLANG_WARN_BOOL_CONVERSION = YES;
				CLANG_WARN_COMMA = YES;
				CLANG_WARN_CONSTANT_CONVERSION = YES;
				CLANG_WARN_DEPRECATED_OBJC_IMPLEMENTATIONS = YES;
				CLANG_WARN_DIRECT_OBJC_ISA_USAGE = YES_ERROR;
				CLANG_WARN_DOCUMENTATION_COMMENTS = YES;
				CLANG_WARN_EMPTY_BODY = YES;
				CLANG_WARN_ENUM_CONVERSION = YES;
				CLANG_WARN_INFINITE_RECURSION = YES;
				CLANG_WARN_INT_CONVERSION = YES;
				CLANG_WARN_NON_LITERAL_NULL_CONVERSION = YES;
				CLANG_WARN_OBJC_IMPLICIT_RETAIN_SELF = YES;
				CLANG_WARN_OBJC_LITERAL_CONVERSION = YES;
				CLANG_WARN_OBJC_ROOT_CLASS = YES_ERROR;
				CLANG_WARN_QUOTED_INCLUDE_IN_FRAMEWORK_HEADER = YES;
				CLANG_WARN_RANGE_LOOP_ANALYSIS = YES;
				CLANG_WARN_STRICT_PROTOTYPES = YES;
				CLANG_WARN_SUSPICIOUS_MOVE = YES;
				CLANG_WARN_UNGUARDED_AVAILABILITY = YES_AGGRESSIVE;
				CLANG_WARN_UNREACHABLE_CODE = YES;
				CLANG_WARN__DUPLICATE_METHOD_MATCH = YES;
				COPY_PHASE_STRIP = NO;
				DEBUG_INFORMATION_FORMAT = "dwarf-with-dsym";
				ENABLE_NS_ASSERTIONS = NO;
				ENABLE_STRICT_OBJC_MSGSEND = YES;
				GCC_C_LANGUAGE_STANDARD = gnu11;
				GCC_NO_COMMON_BLOCKS = YES;
				GCC_WARN_64_TO_32_BIT_CONVERSION = YES;
				GCC_WARN_ABOUT_RETURN_TYPE = YES_ERROR;
				GCC_WARN_UNDECLARED_SELECTOR = YES;
				GCC_WARN_UNINITIALIZED_AUTOS = YES_AGGRESSIVE;
				GCC_WARN_UNUSED_FUNCTION = YES;
				GCC_WARN_UNUSED_VARIABLE = YES;
				IPHONEOS_DEPLOYMENT_TARGET = 14.5;
				MTL_ENABLE_DEBUG_INFO = NO;
				MTL_FAST_MATH = YES;
				SDKROOT = iphoneos;
				SWIFT_COMPILATION_MODE = wholemodule;
				SWIFT_OPTIMIZATION_LEVEL = "-O";
				VALIDATE_PRODUCT = YES;
			};
			name = Release;
		};
		C4E9822D26E4FA2D004A17C1 /* Debug */ = {
			isa = XCBuildConfiguration;
			baseConfigurationReference = 4AF76543B245095E03905213 /* Pods-flix.debug.xcconfig */;
			buildSettings = {
				ASSETCATALOG_COMPILER_APPICON_NAME = AppIcon;
				ASSETCATALOG_COMPILER_GLOBAL_ACCENT_COLOR_NAME = AccentColor;
				CODE_SIGN_STYLE = Automatic;
				INFOPLIST_FILE = flix/Info.plist;
				IPHONEOS_DEPLOYMENT_TARGET = 14.5;
				LD_RUNPATH_SEARCH_PATHS = (
					"$(inherited)",
					"@executable_path/Frameworks",
				);
				PRODUCT_BUNDLE_IDENTIFIER = linhvu.flix;
				PRODUCT_NAME = "$(TARGET_NAME)";
				SWIFT_VERSION = 5.0;
				TARGETED_DEVICE_FAMILY = "1,2";
			};
			name = Debug;
		};
		C4E9822E26E4FA2D004A17C1 /* Release */ = {
			isa = XCBuildConfiguration;
			baseConfigurationReference = 5EBD5961CFBD29800D860352 /* Pods-flix.release.xcconfig */;
			buildSettings = {
				ASSETCATALOG_COMPILER_APPICON_NAME = AppIcon;
				ASSETCATALOG_COMPILER_GLOBAL_ACCENT_COLOR_NAME = AccentColor;
				CODE_SIGN_STYLE = Automatic;
				INFOPLIST_FILE = flix/Info.plist;
				IPHONEOS_DEPLOYMENT_TARGET = 14.5;
				LD_RUNPATH_SEARCH_PATHS = (
					"$(inherited)",
					"@executable_path/Frameworks",
				);
				PRODUCT_BUNDLE_IDENTIFIER = linhvu.flix;
				PRODUCT_NAME = "$(TARGET_NAME)";
				SWIFT_VERSION = 5.0;
				TARGETED_DEVICE_FAMILY = "1,2";
			};
			name = Release;
		};
		C4E9823026E4FA2D004A17C1 /* Debug */ = {
			isa = XCBuildConfiguration;
			baseConfigurationReference = 11228268B54594002D4C3CF6 /* Pods-flixTests.debug.xcconfig */;
			buildSettings = {
				ALWAYS_EMBED_SWIFT_STANDARD_LIBRARIES = YES;
				BUNDLE_LOADER = "$(TEST_HOST)";
				CODE_SIGN_STYLE = Automatic;
				INFOPLIST_FILE = flixTests/Info.plist;
				IPHONEOS_DEPLOYMENT_TARGET = 14.5;
				LD_RUNPATH_SEARCH_PATHS = (
					"$(inherited)",
					"@executable_path/Frameworks",
					"@loader_path/Frameworks",
				);
				PRODUCT_BUNDLE_IDENTIFIER = linhvu.flixTests;
				PRODUCT_NAME = "$(TARGET_NAME)";
				SWIFT_VERSION = 5.0;
				TARGETED_DEVICE_FAMILY = "1,2";
				TEST_HOST = "$(BUILT_PRODUCTS_DIR)/flix.app/flix";
			};
			name = Debug;
		};
		C4E9823126E4FA2D004A17C1 /* Release */ = {
			isa = XCBuildConfiguration;
			baseConfigurationReference = 4864F472CD614C2A77192BA0 /* Pods-flixTests.release.xcconfig */;
			buildSettings = {
				ALWAYS_EMBED_SWIFT_STANDARD_LIBRARIES = YES;
				BUNDLE_LOADER = "$(TEST_HOST)";
				CODE_SIGN_STYLE = Automatic;
				INFOPLIST_FILE = flixTests/Info.plist;
				IPHONEOS_DEPLOYMENT_TARGET = 14.5;
				LD_RUNPATH_SEARCH_PATHS = (
					"$(inherited)",
					"@executable_path/Frameworks",
					"@loader_path/Frameworks",
				);
				PRODUCT_BUNDLE_IDENTIFIER = linhvu.flixTests;
				PRODUCT_NAME = "$(TARGET_NAME)";
				SWIFT_VERSION = 5.0;
				TARGETED_DEVICE_FAMILY = "1,2";
				TEST_HOST = "$(BUILT_PRODUCTS_DIR)/flix.app/flix";
			};
			name = Release;
		};
		C4E9823326E4FA2D004A17C1 /* Debug */ = {
			isa = XCBuildConfiguration;
			baseConfigurationReference = 2BBC8B1D298141054F75ACE4 /* Pods-flix-flixUITests.debug.xcconfig */;
			buildSettings = {
				ALWAYS_EMBED_SWIFT_STANDARD_LIBRARIES = YES;
				CODE_SIGN_STYLE = Automatic;
				INFOPLIST_FILE = flixUITests/Info.plist;
				LD_RUNPATH_SEARCH_PATHS = (
					"$(inherited)",
					"@executable_path/Frameworks",
					"@loader_path/Frameworks",
				);
				PRODUCT_BUNDLE_IDENTIFIER = linhvu.flixUITests;
				PRODUCT_NAME = "$(TARGET_NAME)";
				SWIFT_VERSION = 5.0;
				TARGETED_DEVICE_FAMILY = "1,2";
				TEST_TARGET_NAME = flix;
			};
			name = Debug;
		};
		C4E9823426E4FA2D004A17C1 /* Release */ = {
			isa = XCBuildConfiguration;
			baseConfigurationReference = 983C58B08968588399EFAAAA /* Pods-flix-flixUITests.release.xcconfig */;
			buildSettings = {
				ALWAYS_EMBED_SWIFT_STANDARD_LIBRARIES = YES;
				CODE_SIGN_STYLE = Automatic;
				INFOPLIST_FILE = flixUITests/Info.plist;
				LD_RUNPATH_SEARCH_PATHS = (
					"$(inherited)",
					"@executable_path/Frameworks",
					"@loader_path/Frameworks",
				);
				PRODUCT_BUNDLE_IDENTIFIER = linhvu.flixUITests;
				PRODUCT_NAME = "$(TARGET_NAME)";
				SWIFT_VERSION = 5.0;
				TARGETED_DEVICE_FAMILY = "1,2";
				TEST_TARGET_NAME = flix;
			};
			name = Release;
		};
/* End XCBuildConfiguration section */

/* Begin XCConfigurationList section */
		C4E981FD26E4FA28004A17C1 /* Build configuration list for PBXProject "flix" */ = {
			isa = XCConfigurationList;
			buildConfigurations = (
				C4E9822A26E4FA2D004A17C1 /* Debug */,
				C4E9822B26E4FA2D004A17C1 /* Release */,
			);
			defaultConfigurationIsVisible = 0;
			defaultConfigurationName = Release;
		};
		C4E9822C26E4FA2D004A17C1 /* Build configuration list for PBXNativeTarget "flix" */ = {
			isa = XCConfigurationList;
			buildConfigurations = (
				C4E9822D26E4FA2D004A17C1 /* Debug */,
				C4E9822E26E4FA2D004A17C1 /* Release */,
			);
			defaultConfigurationIsVisible = 0;
			defaultConfigurationName = Release;
		};
		C4E9822F26E4FA2D004A17C1 /* Build configuration list for PBXNativeTarget "flixTests" */ = {
			isa = XCConfigurationList;
			buildConfigurations = (
				C4E9823026E4FA2D004A17C1 /* Debug */,
				C4E9823126E4FA2D004A17C1 /* Release */,
			);
			defaultConfigurationIsVisible = 0;
			defaultConfigurationName = Release;
		};
		C4E9823226E4FA2D004A17C1 /* Build configuration list for PBXNativeTarget "flixUITests" */ = {
			isa = XCConfigurationList;
			buildConfigurations = (
				C4E9823326E4FA2D004A17C1 /* Debug */,
				C4E9823426E4FA2D004A17C1 /* Release */,
			);
			defaultConfigurationIsVisible = 0;
			defaultConfigurationName = Release;
		};
/* End XCConfigurationList section */

/* Begin XCRemoteSwiftPackageReference section */
		C4E9823B26E55759004A17C1 /* XCRemoteSwiftPackageReference "AlamofireImage" */ = {
			isa = XCRemoteSwiftPackageReference;
			repositoryURL = "https://github.com/Alamofire/AlamofireImage";
			requirement = {
				kind = upToNextMajorVersion;
				minimumVersion = 4.2.0;
			};
		};
/* End XCRemoteSwiftPackageReference section */

/* Begin XCSwiftPackageProductDependency section */
		C4E9823C26E55759004A17C1 /* AlamofireImage */ = {
			isa = XCSwiftPackageProductDependency;
			package = C4E9823B26E55759004A17C1 /* XCRemoteSwiftPackageReference "AlamofireImage" */;
			productName = AlamofireImage;
		};
/* End XCSwiftPackageProductDependency section */
	};
	rootObject = C4E981FA26E4FA28004A17C1 /* Project object */;
}
